// !$*UTF8*$!
{
	archiveVersion = 1;
	classes = {
	};
	objectVersion = 50;
	objects = {

/* Begin PBXBuildFile section */
		011D21F62145D8E400B6805A /* SavedData.swift in Sources */ = {isa = PBXBuildFile; fileRef = 011D21F52145D8E400B6805A /* SavedData.swift */; };
		01C5D1A620EAE27C002EF02D /* GameOverViewController.swift in Sources */ = {isa = PBXBuildFile; fileRef = 01C5D1A520EAE27C002EF02D /* GameOverViewController.swift */; };
		01E6C8AF20D085A500C587ED /* AppDelegate.swift in Sources */ = {isa = PBXBuildFile; fileRef = 01E6C8AE20D085A500C587ED /* AppDelegate.swift */; };
		01E6C8B120D085A500C587ED /* ViewController.swift in Sources */ = {isa = PBXBuildFile; fileRef = 01E6C8B020D085A500C587ED /* ViewController.swift */; };
		01E6C8B420D085A500C587ED /* Main.storyboard in Resources */ = {isa = PBXBuildFile; fileRef = 01E6C8B220D085A500C587ED /* Main.storyboard */; };
		01E6C8B620D085A500C587ED /* Assets.xcassets in Resources */ = {isa = PBXBuildFile; fileRef = 01E6C8B520D085A500C587ED /* Assets.xcassets */; };
		01E6C8B920D085A500C587ED /* LaunchScreen.storyboard in Resources */ = {isa = PBXBuildFile; fileRef = 01E6C8B720D085A500C587ED /* LaunchScreen.storyboard */; };
		01E6C8C420D085A500C587ED /* BallerTests.swift in Sources */ = {isa = PBXBuildFile; fileRef = 01E6C8C320D085A500C587ED /* BallerTests.swift */; };
		01E6C8CF20D085A600C587ED /* BallerUITests.swift in Sources */ = {isa = PBXBuildFile; fileRef = 01E6C8CE20D085A600C587ED /* BallerUITests.swift */; };
		01E6C8DD20D088C800C587ED /* GridView.swift in Sources */ = {isa = PBXBuildFile; fileRef = 01E6C8DC20D088C800C587ED /* GridView.swift */; };
/* End PBXBuildFile section */

/* Begin PBXContainerItemProxy section */
		01E6C8C020D085A500C587ED /* PBXContainerItemProxy */ = {
			isa = PBXContainerItemProxy;
			containerPortal = 01E6C8A320D085A400C587ED /* Project object */;
			proxyType = 1;
			remoteGlobalIDString = 01E6C8AA20D085A500C587ED;
			remoteInfo = Baller;
		};
		01E6C8CB20D085A500C587ED /* PBXContainerItemProxy */ = {
			isa = PBXContainerItemProxy;
			containerPortal = 01E6C8A320D085A400C587ED /* Project object */;
			proxyType = 1;
			remoteGlobalIDString = 01E6C8AA20D085A500C587ED;
			remoteInfo = Baller;
		};
/* End PBXContainerItemProxy section */

/* Begin PBXFileReference section */
		011D21F52145D8E400B6805A /* SavedData.swift */ = {isa = PBXFileReference; lastKnownFileType = sourcecode.swift; path = SavedData.swift; sourceTree = "<group>"; };
		01C5D1A520EAE27C002EF02D /* GameOverViewController.swift */ = {isa = PBXFileReference; lastKnownFileType = sourcecode.swift; path = GameOverViewController.swift; sourceTree = "<group>"; };
		01E6C8AB20D085A500C587ED /* Baller.app */ = {isa = PBXFileReference; explicitFileType = wrapper.application; includeInIndex = 0; path = Baller.app; sourceTree = BUILT_PRODUCTS_DIR; };
		01E6C8AE20D085A500C587ED /* AppDelegate.swift */ = {isa = PBXFileReference; lastKnownFileType = sourcecode.swift; path = AppDelegate.swift; sourceTree = "<group>"; };
		01E6C8B020D085A500C587ED /* ViewController.swift */ = {isa = PBXFileReference; lastKnownFileType = sourcecode.swift; path = ViewController.swift; sourceTree = "<group>"; };
		01E6C8B320D085A500C587ED /* Base */ = {isa = PBXFileReference; lastKnownFileType = file.storyboard; name = Base; path = Base.lproj/Main.storyboard; sourceTree = "<group>"; };
		01E6C8B520D085A500C587ED /* Assets.xcassets */ = {isa = PBXFileReference; lastKnownFileType = folder.assetcatalog; path = Assets.xcassets; sourceTree = "<group>"; };
		01E6C8B820D085A500C587ED /* Base */ = {isa = PBXFileReference; lastKnownFileType = file.storyboard; name = Base; path = Base.lproj/LaunchScreen.storyboard; sourceTree = "<group>"; };
		01E6C8BA20D085A500C587ED /* Info.plist */ = {isa = PBXFileReference; lastKnownFileType = text.plist.xml; path = Info.plist; sourceTree = "<group>"; };
		01E6C8BF20D085A500C587ED /* BallerTests.xctest */ = {isa = PBXFileReference; explicitFileType = wrapper.cfbundle; includeInIndex = 0; path = BallerTests.xctest; sourceTree = BUILT_PRODUCTS_DIR; };
		01E6C8C320D085A500C587ED /* BallerTests.swift */ = {isa = PBXFileReference; lastKnownFileType = sourcecode.swift; path = BallerTests.swift; sourceTree = "<group>"; };
		01E6C8C520D085A500C587ED /* Info.plist */ = {isa = PBXFileReference; lastKnownFileType = text.plist.xml; path = Info.plist; sourceTree = "<group>"; };
		01E6C8CA20D085A500C587ED /* BallerUITests.xctest */ = {isa = PBXFileReference; explicitFileType = wrapper.cfbundle; includeInIndex = 0; path = BallerUITests.xctest; sourceTree = BUILT_PRODUCTS_DIR; };
		01E6C8CE20D085A600C587ED /* BallerUITests.swift */ = {isa = PBXFileReference; lastKnownFileType = sourcecode.swift; path = BallerUITests.swift; sourceTree = "<group>"; };
		01E6C8D020D085A600C587ED /* Info.plist */ = {isa = PBXFileReference; lastKnownFileType = text.plist.xml; path = Info.plist; sourceTree = "<group>"; };
		01E6C8DC20D088C800C587ED /* GridView.swift */ = {isa = PBXFileReference; lastKnownFileType = sourcecode.swift; path = GridView.swift; sourceTree = "<group>"; };
/* End PBXFileReference section */

/* Begin PBXFrameworksBuildPhase section */
		01E6C8A820D085A500C587ED /* Frameworks */ = {
			isa = PBXFrameworksBuildPhase;
			buildActionMask = 2147483647;
			files = (
			);
			runOnlyForDeploymentPostprocessing = 0;
		};
		01E6C8BC20D085A500C587ED /* Frameworks */ = {
			isa = PBXFrameworksBuildPhase;
			buildActionMask = 2147483647;
			files = (
			);
			runOnlyForDeploymentPostprocessing = 0;
		};
		01E6C8C720D085A500C587ED /* Frameworks */ = {
			isa = PBXFrameworksBuildPhase;
			buildActionMask = 2147483647;
			files = (
			);
			runOnlyForDeploymentPostprocessing = 0;
		};
/* End PBXFrameworksBuildPhase section */

/* Begin PBXGroup section */
		01E6C8A220D085A400C587ED = {
			isa = PBXGroup;
			children = (
				01E6C8AD20D085A500C587ED /* Baller */,
				01E6C8C220D085A500C587ED /* BallerTests */,
				01E6C8CD20D085A500C587ED /* BallerUITests */,
				01E6C8AC20D085A500C587ED /* Products */,
			);
			sourceTree = "<group>";
		};
		01E6C8AC20D085A500C587ED /* Products */ = {
			isa = PBXGroup;
			children = (
				01E6C8AB20D085A500C587ED /* Baller.app */,
				01E6C8BF20D085A500C587ED /* BallerTests.xctest */,
				01E6C8CA20D085A500C587ED /* BallerUITests.xctest */,
			);
			name = Products;
			sourceTree = "<group>";
		};
		01E6C8AD20D085A500C587ED /* Baller */ = {
			isa = PBXGroup;
			children = (
				01E6C8AE20D085A500C587ED /* AppDelegate.swift */,
				01E6C8DC20D088C800C587ED /* GridView.swift */,
				011D21F52145D8E400B6805A /* SavedData.swift */,
				01E6C8B020D085A500C587ED /* ViewController.swift */,
				01C5D1A520EAE27C002EF02D /* GameOverViewController.swift */,
				01E6C8B220D085A500C587ED /* Main.storyboard */,
				01E6C8B520D085A500C587ED /* Assets.xcassets */,
				01E6C8B720D085A500C587ED /* LaunchScreen.storyboard */,
				01E6C8BA20D085A500C587ED /* Info.plist */,
			);
			path = Baller;
			sourceTree = "<group>";
		};
		01E6C8C220D085A500C587ED /* BallerTests */ = {
			isa = PBXGroup;
			children = (
				01E6C8C320D085A500C587ED /* BallerTests.swift */,
				01E6C8C520D085A500C587ED /* Info.plist */,
			);
			path = BallerTests;
			sourceTree = "<group>";
		};
		01E6C8CD20D085A500C587ED /* BallerUITests */ = {
			isa = PBXGroup;
			children = (
				01E6C8CE20D085A600C587ED /* BallerUITests.swift */,
				01E6C8D020D085A600C587ED /* Info.plist */,
			);
			path = BallerUITests;
			sourceTree = "<group>";
		};
/* End PBXGroup section */

/* Begin PBXNativeTarget section */
		01E6C8AA20D085A500C587ED /* Baller */ = {
			isa = PBXNativeTarget;
			buildConfigurationList = 01E6C8D320D085A600C587ED /* Build configuration list for PBXNativeTarget "Baller" */;
			buildPhases = (
				01E6C8A720D085A500C587ED /* Sources */,
				01E6C8A820D085A500C587ED /* Frameworks */,
				01E6C8A920D085A500C587ED /* Resources */,
			);
			buildRules = (
			);
			dependencies = (
			);
			name = Baller;
			productName = Baller;
			productReference = 01E6C8AB20D085A500C587ED /* Baller.app */;
			productType = "com.apple.product-type.application";
		};
		01E6C8BE20D085A500C587ED /* BallerTests */ = {
			isa = PBXNativeTarget;
			buildConfigurationList = 01E6C8D620D085A600C587ED /* Build configuration list for PBXNativeTarget "BallerTests" */;
			buildPhases = (
				01E6C8BB20D085A500C587ED /* Sources */,
				01E6C8BC20D085A500C587ED /* Frameworks */,
				01E6C8BD20D085A500C587ED /* Resources */,
			);
			buildRules = (
			);
			dependencies = (
				01E6C8C120D085A500C587ED /* PBXTargetDependency */,
			);
			name = BallerTests;
			productName = BallerTests;
			productReference = 01E6C8BF20D085A500C587ED /* BallerTests.xctest */;
			productType = "com.apple.product-type.bundle.unit-test";
		};
		01E6C8C920D085A500C587ED /* BallerUITests */ = {
			isa = PBXNativeTarget;
			buildConfigurationList = 01E6C8D920D085A600C587ED /* Build configuration list for PBXNativeTarget "BallerUITests" */;
			buildPhases = (
				01E6C8C620D085A500C587ED /* Sources */,
				01E6C8C720D085A500C587ED /* Frameworks */,
				01E6C8C820D085A500C587ED /* Resources */,
			);
			buildRules = (
			);
			dependencies = (
				01E6C8CC20D085A500C587ED /* PBXTargetDependency */,
			);
			name = BallerUITests;
			productName = BallerUITests;
			productReference = 01E6C8CA20D085A500C587ED /* BallerUITests.xctest */;
			productType = "com.apple.product-type.bundle.ui-testing";
		};
/* End PBXNativeTarget section */

/* Begin PBXProject section */
		01E6C8A320D085A400C587ED /* Project object */ = {
			isa = PBXProject;
			attributes = {
				LastSwiftUpdateCheck = 0940;
				LastUpgradeCheck = 0940;
				ORGANIZATIONNAME = "Frank Gao";
				TargetAttributes = {
					01E6C8AA20D085A500C587ED = {
						CreatedOnToolsVersion = 9.4;
						LastSwiftMigration = 1000;
					};
					01E6C8BE20D085A500C587ED = {
						CreatedOnToolsVersion = 9.4;
						LastSwiftMigration = 1000;
						TestTargetID = 01E6C8AA20D085A500C587ED;
					};
					01E6C8C920D085A500C587ED = {
						CreatedOnToolsVersion = 9.4;
						LastSwiftMigration = 1000;
						TestTargetID = 01E6C8AA20D085A500C587ED;
					};
				};
			};
			buildConfigurationList = 01E6C8A620D085A400C587ED /* Build configuration list for PBXProject "Baller" */;
			compatibilityVersion = "Xcode 9.3";
			developmentRegion = en;
			hasScannedForEncodings = 0;
			knownRegions = (
				en,
				Base,
			);
			mainGroup = 01E6C8A220D085A400C587ED;
			productRefGroup = 01E6C8AC20D085A500C587ED /* Products */;
			projectDirPath = "";
			projectRoot = "";
			targets = (
				01E6C8AA20D085A500C587ED /* Baller */,
				01E6C8BE20D085A500C587ED /* BallerTests */,
				01E6C8C920D085A500C587ED /* BallerUITests */,
			);
		};
/* End PBXProject section */

/* Begin PBXResourcesBuildPhase section */
		01E6C8A920D085A500C587ED /* Resources */ = {
			isa = PBXResourcesBuildPhase;
			buildActionMask = 2147483647;
			files = (
				01E6C8B920D085A500C587ED /* LaunchScreen.storyboard in Resources */,
				01E6C8B620D085A500C587ED /* Assets.xcassets in Resources */,
				01E6C8B420D085A500C587ED /* Main.storyboard in Resources */,
			);
			runOnlyForDeploymentPostprocessing = 0;
		};
		01E6C8BD20D085A500C587ED /* Resources */ = {
			isa = PBXResourcesBuildPhase;
			buildActionMask = 2147483647;
			files = (
			);
			runOnlyForDeploymentPostprocessing = 0;
		};
		01E6C8C820D085A500C587ED /* Resources */ = {
			isa = PBXResourcesBuildPhase;
			buildActionMask = 2147483647;
			files = (
			);
			runOnlyForDeploymentPostprocessing = 0;
		};
/* End PBXResourcesBuildPhase section */

/* Begin PBXSourcesBuildPhase section */
		01E6C8A720D085A500C587ED /* Sources */ = {
			isa = PBXSourcesBuildPhase;
			buildActionMask = 2147483647;
			files = (
				01C5D1A620EAE27C002EF02D /* GameOverViewController.swift in Sources */,
				01E6C8B120D085A500C587ED /* ViewController.swift in Sources */,
				01E6C8DD20D088C800C587ED /* GridView.swift in Sources */,
				01E6C8AF20D085A500C587ED /* AppDelegate.swift in Sources */,
				011D21F62145D8E400B6805A /* SavedData.swift in Sources */,
			);
			runOnlyForDeploymentPostprocessing = 0;
		};
		01E6C8BB20D085A500C587ED /* Sources */ = {
			isa = PBXSourcesBuildPhase;
			buildActionMask = 2147483647;
			files = (
				01E6C8C420D085A500C587ED /* BallerTests.swift in Sources */,
			);
			runOnlyForDeploymentPostprocessing = 0;
		};
		01E6C8C620D085A500C587ED /* Sources */ = {
			isa = PBXSourcesBuildPhase;
			buildActionMask = 2147483647;
			files = (
				01E6C8CF20D085A600C587ED /* BallerUITests.swift in Sources */,
			);
			runOnlyForDeploymentPostprocessing = 0;
		};
/* End PBXSourcesBuildPhase section */

/* Begin PBXTargetDependency section */
		01E6C8C120D085A500C587ED /* PBXTargetDependency */ = {
			isa = PBXTargetDependency;
			target = 01E6C8AA20D085A500C587ED /* Baller */;
			targetProxy = 01E6C8C020D085A500C587ED /* PBXContainerItemProxy */;
		};
		01E6C8CC20D085A500C587ED /* PBXTargetDependency */ = {
			isa = PBXTargetDependency;
			target = 01E6C8AA20D085A500C587ED /* Baller */;
			targetProxy = 01E6C8CB20D085A500C587ED /* PBXContainerItemProxy */;
		};
/* End PBXTargetDependency section */

/* Begin PBXVariantGroup section */
		01E6C8B220D085A500C587ED /* Main.storyboard */ = {
			isa = PBXVariantGroup;
			children = (
				01E6C8B320D085A500C587ED /* Base */,
			);
			name = Main.storyboard;
			sourceTree = "<group>";
		};
		01E6C8B720D085A500C587ED /* LaunchScreen.storyboard */ = {
			isa = PBXVariantGroup;
			children = (
				01E6C8B820D085A500C587ED /* Base */,
			);
			name = LaunchScreen.storyboard;
			sourceTree = "<group>";
		};
/* End PBXVariantGroup section */

/* Begin XCBuildConfiguration section */
		01E6C8D120D085A600C587ED /* Debug */ = {
			isa = XCBuildConfiguration;
			buildSettings = {
				ALWAYS_SEARCH_USER_PATHS = NO;
				CLANG_ANALYZER_NONNULL = YES;
				CLANG_ANALYZER_NUMBER_OBJECT_CONVERSION = YES_AGGRESSIVE;
				CLANG_CXX_LANGUAGE_STANDARD = "gnu++14";
				CLANG_CXX_LIBRARY = "libc++";
				CLANG_ENABLE_MODULES = YES;
				CLANG_ENABLE_OBJC_ARC = YES;
				CLANG_ENABLE_OBJC_WEAK = YES;
				CLANG_WARN_BLOCK_CAPTURE_AUTORELEASING = YES;
				CLANG_WARN_BOOL_CONVERSION = YES;
				CLANG_WARN_COMMA = YES;
				CLANG_WARN_CONSTANT_CONVERSION = YES;
				CLANG_WARN_DEPRECATED_OBJC_IMPLEMENTATIONS = YES;
				CLANG_WARN_DIRECT_OBJC_ISA_USAGE = YES_ERROR;
				CLANG_WARN_DOCUMENTATION_COMMENTS = YES;
				CLANG_WARN_EMPTY_BODY = YES;
				CLANG_WARN_ENUM_CONVERSION = YES;
				CLANG_WARN_INFINITE_RECURSION = YES;
				CLANG_WARN_INT_CONVERSION = YES;
				CLANG_WARN_NON_LITERAL_NULL_CONVERSION = YES;
				CLANG_WARN_OBJC_IMPLICIT_RETAIN_SELF = YES;
				CLANG_WARN_OBJC_LITERAL_CONVERSION = YES;
				CLANG_WARN_OBJC_ROOT_CLASS = YES_ERROR;
				CLANG_WARN_RANGE_LOOP_ANALYSIS = YES;
				CLANG_WARN_STRICT_PROTOTYPES = YES;
				CLANG_WARN_SUSPICIOUS_MOVE = YES;
				CLANG_WARN_UNGUARDED_AVAILABILITY = YES_AGGRESSIVE;
				CLANG_WARN_UNREACHABLE_CODE = YES;
				CLANG_WARN__DUPLICATE_METHOD_MATCH = YES;
				CODE_SIGN_IDENTITY = "iPhone Developer";
				COPY_PHASE_STRIP = NO;
				DEBUG_INFORMATION_FORMAT = dwarf;
				ENABLE_STRICT_OBJC_MSGSEND = YES;
				ENABLE_TESTABILITY = YES;
				GCC_C_LANGUAGE_STANDARD = gnu11;
				GCC_DYNAMIC_NO_PIC = NO;
				GCC_NO_COMMON_BLOCKS = YES;
				GCC_OPTIMIZATION_LEVEL = 0;
				GCC_PREPROCESSOR_DEFINITIONS = (
					"DEBUG=1",
					"$(inherited)",
				);
				GCC_WARN_64_TO_32_BIT_CONVERSION = YES;
				GCC_WARN_ABOUT_RETURN_TYPE = YES_ERROR;
				GCC_WARN_UNDECLARED_SELECTOR = YES;
				GCC_WARN_UNINITIALIZED_AUTOS = YES_AGGRESSIVE;
				GCC_WARN_UNUSED_FUNCTION = YES;
				GCC_WARN_UNUSED_VARIABLE = YES;
				IPHONEOS_DEPLOYMENT_TARGET = 11.4;
				MTL_ENABLE_DEBUG_INFO = YES;
				ONLY_ACTIVE_ARCH = YES;
				SDKROOT = iphoneos;
				SWIFT_ACTIVE_COMPILATION_CONDITIONS = DEBUG;
				SWIFT_OPTIMIZATION_LEVEL = "-Onone";
			};
			name = Debug;
		};
		01E6C8D220D085A600C587ED /* Release */ = {
			isa = XCBuildConfiguration;
			buildSettings = {
				ALWAYS_SEARCH_USER_PATHS = NO;
				CLANG_ANALYZER_NONNULL = YES;
				CLANG_ANALYZER_NUMBER_OBJECT_CONVERSION = YES_AGGRESSIVE;
				CLANG_CXX_LANGUAGE_STANDARD = "gnu++14";
				CLANG_CXX_LIBRARY = "libc++";
				CLANG_ENABLE_MODULES = YES;
				CLANG_ENABLE_OBJC_ARC = YES;
				CLANG_ENABLE_OBJC_WEAK = YES;
				CLANG_WARN_BLOCK_CAPTURE_AUTORELEASING = YES;
				CLANG_WARN_BOOL_CONVERSION = YES;
				CLANG_WARN_COMMA = YES;
				CLANG_WARN_CONSTANT_CONVERSION = YES;
				CLANG_WARN_DEPRECATED_OBJC_IMPLEMENTATIONS = YES;
				CLANG_WARN_DIRECT_OBJC_ISA_USAGE = YES_ERROR;
				CLANG_WARN_DOCUMENTATION_COMMENTS = YES;
				CLANG_WARN_EMPTY_BODY = YES;
				CLANG_WARN_ENUM_CONVERSION = YES;
				CLANG_WARN_INFINITE_RECURSION = YES;
				CLANG_WARN_INT_CONVERSION = YES;
				CLANG_WARN_NON_LITERAL_NULL_CONVERSION = YES;
				CLANG_WARN_OBJC_IMPLICIT_RETAIN_SELF = YES;
				CLANG_WARN_OBJC_LITERAL_CONVERSION = YES;
				CLANG_WARN_OBJC_ROOT_CLASS = YES_ERROR;
				CLANG_WARN_RANGE_LOOP_ANALYSIS = YES;
				CLANG_WARN_STRICT_PROTOTYPES = YES;
				CLANG_WARN_SUSPICIOUS_MOVE = YES;
				CLANG_WARN_UNGUARDED_AVAILABILITY = YES_AGGRESSIVE;
				CLANG_WARN_UNREACHABLE_CODE = YES;
				CLANG_WARN__DUPLICATE_METHOD_MATCH = YES;
				CODE_SIGN_IDENTITY = "iPhone Developer";
				COPY_PHASE_STRIP = NO;
				DEBUG_INFORMATION_FORMAT = "dwarf-with-dsym";
				ENABLE_NS_ASSERTIONS = NO;
				ENABLE_STRICT_OBJC_MSGSEND = YES;
				GCC_C_LANGUAGE_STANDARD = gnu11;
				GCC_NO_COMMON_BLOCKS = YES;
				GCC_WARN_64_TO_32_BIT_CONVERSION = YES;
				GCC_WARN_ABOUT_RETURN_TYPE = YES_ERROR;
				GCC_WARN_UNDECLARED_SELECTOR = YES;
				GCC_WARN_UNINITIALIZED_AUTOS = YES_AGGRESSIVE;
				GCC_WARN_UNUSED_FUNCTION = YES;
				GCC_WARN_UNUSED_VARIABLE = YES;
				IPHONEOS_DEPLOYMENT_TARGET = 11.4;
				MTL_ENABLE_DEBUG_INFO = NO;
				SDKROOT = iphoneos;
				SWIFT_COMPILATION_MODE = wholemodule;
				SWIFT_OPTIMIZATION_LEVEL = "-O";
				VALIDATE_PRODUCT = YES;
			};
			name = Release;
		};
		01E6C8D420D085A600C587ED /* Debug */ = {
			isa = XCBuildConfiguration;
			buildSettings = {
				ASSETCATALOG_COMPILER_APPICON_NAME = AppIcon;
				CODE_SIGN_IDENTITY = "iPhone Developer";
				CODE_SIGN_STYLE = Automatic;
				DEVELOPMENT_TEAM = EMR65N9MP5;
				INFOPLIST_FILE = Baller/Info.plist;
				LD_RUNPATH_SEARCH_PATHS = (
					"$(inherited)",
					"@executable_path/Frameworks",
				);
				PRODUCT_BUNDLE_IDENTIFIER = com.swoag.Baller;
				PRODUCT_NAME = "$(TARGET_NAME)";
				PROVISIONING_PROFILE_SPECIFIER = "";
				SWIFT_VERSION = 4.2;
				TARGETED_DEVICE_FAMILY = "1,2";
			};
			name = Debug;
		};
		01E6C8D520D085A600C587ED /* Release */ = {
			isa = XCBuildConfiguration;
			buildSettings = {
				ASSETCATALOG_COMPILER_APPICON_NAME = AppIcon;
				CODE_SIGN_IDENTITY = "iPhone Developer";
				CODE_SIGN_STYLE = Automatic;
				DEVELOPMENT_TEAM = EMR65N9MP5;
				INFOPLIST_FILE = Baller/Info.plist;
				LD_RUNPATH_SEARCH_PATHS = (
					"$(inherited)",
					"@executable_path/Frameworks",
				);
				PRODUCT_BUNDLE_IDENTIFIER = com.swoag.Baller;
				PRODUCT_NAME = "$(TARGET_NAME)";
				PROVISIONING_PROFILE_SPECIFIER = "";
				SWIFT_VERSION = 4.2;
				TARGETED_DEVICE_FAMILY = "1,2";
			};
			name = Release;
		};
		01E6C8D720D085A600C587ED /* Debug */ = {
			isa = XCBuildConfiguration;
			buildSettings = {
				ALWAYS_EMBED_SWIFT_STANDARD_LIBRARIES = YES;
				BUNDLE_LOADER = "$(TEST_HOST)";
				CODE_SIGN_STYLE = Automatic;
				DEVELOPMENT_TEAM = EMR65N9MP5;
				INFOPLIST_FILE = BallerTests/Info.plist;
				LD_RUNPATH_SEARCH_PATHS = (
					"$(inherited)",
					"@executable_path/Frameworks",
					"@loader_path/Frameworks",
				);
				PRODUCT_BUNDLE_IDENTIFIER = com.swoag.BallerTests;
				PRODUCT_NAME = "$(TARGET_NAME)";
				SWIFT_VERSION = 4.2;
				TARGETED_DEVICE_FAMILY = "1,2";
				TEST_HOST = "$(BUILT_PRODUCTS_DIR)/Baller.app/Baller";
			};
			name = Debug;
		};
		01E6C8D820D085A600C587ED /* Release */ = {
			isa = XCBuildConfiguration;
			buildSettings = {
				ALWAYS_EMBED_SWIFT_STANDARD_LIBRARIES = YES;
				BUNDLE_LOADER = "$(TEST_HOST)";
				CODE_SIGN_STYLE = Automatic;
				DEVELOPMENT_TEAM = EMR65N9MP5;
				INFOPLIST_FILE = BallerTests/Info.plist;
				LD_RUNPATH_SEARCH_PATHS = (
					"$(inherited)",
					"@executable_path/Frameworks",
					"@loader_path/Frameworks",
				);
				PRODUCT_BUNDLE_IDENTIFIER = com.swoag.BallerTests;
				PRODUCT_NAME = "$(TARGET_NAME)";
				SWIFT_VERSION = 4.2;
				TARGETED_DEVICE_FAMILY = "1,2";
				TEST_HOST = "$(BUILT_PRODUCTS_DIR)/Baller.app/Baller";
			};
			name = Release;
		};
		01E6C8DA20D085A600C587ED /* Debug */ = {
			isa = XCBuildConfiguration;
			buildSettings = {
				ALWAYS_EMBED_SWIFT_STANDARD_LIBRARIES = YES;
				CODE_SIGN_STYLE = Automatic;
				DEVELOPMENT_TEAM = EMR65N9MP5;
				INFOPLIST_FILE = BallerUITests/Info.plist;
				LD_RUNPATH_SEARCH_PATHS = (
					"$(inherited)",
					"@executable_path/Frameworks",
					"@loader_path/Frameworks",
				);
				PRODUCT_BUNDLE_IDENTIFIER = com.swoag.BallerUITests;
				PRODUCT_NAME = "$(TARGET_NAME)";
				SWIFT_VERSION = 4.2;
				TARGETED_DEVICE_FAMILY = "1,2";
				TEST_TARGET_NAME = Baller;
			};
			name = Debug;
		};
		01E6C8DB20D085A600C587ED /* Release */ = {
			isa = XCBuildConfiguration;
			buildSettings = {
				ALWAYS_EMBED_SWIFT_STANDARD_LIBRARIES = YES;
				CODE_SIGN_STYLE = Automatic;
				DEVELOPMENT_TEAM = EMR65N9MP5;
				INFOPLIST_FILE = BallerUITests/Info.plist;
				LD_RUNPATH_SEARCH_PATHS = (
					"$(inherited)",
					"@executable_path/Frameworks",
					"@loader_path/Frameworks",
				);
				PRODUCT_BUNDLE_IDENTIFIER = com.swoag.BallerUITests;
				PRODUCT_NAME = "$(TARGET_NAME)";
				SWIFT_VERSION = 4.2;
				TARGETED_DEVICE_FAMILY = "1,2";
				TEST_TARGET_NAME = Baller;
			};
			name = Release;
		};
/* End XCBuildConfiguration section */

/* Begin XCConfigurationList section */
		01E6C8A620D085A400C587ED /* Build configuration list for PBXProject "Baller" */ = {
			isa = XCConfigurationList;
			buildConfigurations = (
				01E6C8D120D085A600C587ED /* Debug */,
				01E6C8D220D085A600C587ED /* Release */,
			);
			defaultConfigurationIsVisible = 0;
			defaultConfigurationName = Release;
		};
		01E6C8D320D085A600C587ED /* Build configuration list for PBXNativeTarget "Baller" */ = {
			isa = XCConfigurationList;
			buildConfigurations = (
				01E6C8D420D085A600C587ED /* Debug */,
				01E6C8D520D085A600C587ED /* Release */,
			);
			defaultConfigurationIsVisible = 0;
			defaultConfigurationName = Release;
		};
		01E6C8D620D085A600C587ED /* Build configuration list for PBXNativeTarget "BallerTests" */ = {
			isa = XCConfigurationList;
			buildConfigurations = (
				01E6C8D720D085A600C587ED /* Debug */,
				01E6C8D820D085A600C587ED /* Release */,
			);
			defaultConfigurationIsVisible = 0;
			defaultConfigurationName = Release;
		};
		01E6C8D920D085A600C587ED /* Build configuration list for PBXNativeTarget "BallerUITests" */ = {
			isa = XCConfigurationList;
			buildConfigurations = (
				01E6C8DA20D085A600C587ED /* Debug */,
				01E6C8DB20D085A600C587ED /* Release */,
			);
			defaultConfigurationIsVisible = 0;
			defaultConfigurationName = Release;
		};
/* End XCConfigurationList section */
	};
	rootObject = 01E6C8A320D085A400C587ED /* Project object */;
}
